
Microsoft Visual Studio Solution File, Format Version 12.00
# Visual Studio Version 17
VisualStudioVersion = 17.0.31903.59
MinimumVisualStudioVersion = 10.0.40219.1
Project("{FAE04EC0-301F-11D3-BF4B-00C04F79EFBC}") = "BankAccLib", "BankAccLib\BankAccLib.csproj", "{6FC6EF0B-8964-4643-8C64-93461F506943}"
EndProject
Project("{FAE04EC0-301F-11D3-BF4B-00C04F79EFBC}") = "BankAccTest", "BankAccTest\BankAccTest.csproj", "{D9208FAA-6C71-43A4-9D9B-D935491494D1}"
EndProject
Global
	GlobalSection(SolutionConfigurationPlatforms) = preSolution
		Debug|Any CPU = Debug|Any CPU
		Release|Any CPU = Release|Any CPU
	EndGlobalSection
	GlobalSection(SolutionProperties) = preSolution
		HideSolutionNode = FALSE
	EndGlobalSection
	GlobalSection(ProjectConfigurationPlatforms) = postSolution
		{6FC6EF0B-8964-4643-8C64-93461F506943}.Debug|Any CPU.ActiveCfg = Debug|Any CPU
		{6FC6EF0B-8964-4643-8C64-93461F506943}.Debug|Any CPU.Build.0 = Debug|Any CPU
		{6FC6EF0B-8964-4643-8C64-93461F506943}.Release|Any CPU.ActiveCfg = Release|Any CPU
		{6FC6EF0B-8964-4643-8C64-93461F506943}.Release|Any CPU.Build.0 = Release|Any CPU
		{D9208FAA-6C71-43A4-9D9B-D935491494D1}.Debug|Any CPU.ActiveCfg = Debug|Any CPU
		{D9208FAA-6C71-43A4-9D9B-D935491494D1}.Debug|Any CPU.Build.0 = Debug|Any CPU
		{D9208FAA-6C71-43A4-9D9B-D935491494D1}.Release|Any CPU.ActiveCfg = Release|Any CPU
		{D9208FAA-6C71-43A4-9D9B-D935491494D1}.Release|Any CPU.Build.0 = Release|Any CPU
	EndGlobalSection
EndGlobal
